// !$*UTF8*$!
{
	archiveVersion = 1;
	classes = {
	};
	objectVersion = 50;
	objects = {

/* Begin PBXBuildFile section */
		98BE9082240A2F7300570C5B /* AppDelegate.swift in Sources */ = {isa = PBXBuildFile; fileRef = 98BE9081240A2F7300570C5B /* AppDelegate.swift */; };
		98BE9084240A2F7300570C5B /* SceneDelegate.swift in Sources */ = {isa = PBXBuildFile; fileRef = 98BE9083240A2F7300570C5B /* SceneDelegate.swift */; };
		98BE9086240A2F7300570C5B /* ViewController.swift in Sources */ = {isa = PBXBuildFile; fileRef = 98BE9085240A2F7300570C5B /* ViewController.swift */; };
		98BE9089240A2F7300570C5B /* Main.storyboard in Resources */ = {isa = PBXBuildFile; fileRef = 98BE9087240A2F7300570C5B /* Main.storyboard */; };
		98BE908B240A2F7900570C5B /* Assets.xcassets in Resources */ = {isa = PBXBuildFile; fileRef = 98BE908A240A2F7900570C5B /* Assets.xcassets */; };
		98BE908E240A2F7900570C5B /* LaunchScreen.storyboard in Resources */ = {isa = PBXBuildFile; fileRef = 98BE908C240A2F7900570C5B /* LaunchScreen.storyboard */; };
/* End PBXBuildFile section */

/* Begin PBXFileReference section */
		98BE907E240A2F7300570C5B /* CountUp.app */ = {isa = PBXFileReference; explicitFileType = wrapper.application; includeInIndex = 0; path = CountUp.app; sourceTree = BUILT_PRODUCTS_DIR; };
		98BE9081240A2F7300570C5B /* AppDelegate.swift */ = {isa = PBXFileReference; lastKnownFileType = sourcecode.swift; path = AppDelegate.swift; sourceTree = "<group>"; };
		98BE9083240A2F7300570C5B /* SceneDelegate.swift */ = {isa = PBXFileReference; lastKnownFileType = sourcecode.swift; path = SceneDelegate.swift; sourceTree = "<group>"; };
		98BE9085240A2F7300570C5B /* ViewController.swift */ = {isa = PBXFileReference; lastKnownFileType = sourcecode.swift; path = ViewController.swift; sourceTree = "<group>"; };
		98BE9088240A2F7300570C5B /* Base */ = {isa = PBXFileReference; lastKnownFileType = file.storyboard; name = Base; path = Base.lproj/Main.storyboard; sourceTree = "<group>"; };
		98BE908A240A2F7900570C5B /* Assets.xcassets */ = {isa = PBXFileReference; lastKnownFileType = folder.assetcatalog; path = Assets.xcassets; sourceTree = "<group>"; };
		98BE908D240A2F7900570C5B /* Base */ = {isa = PBXFileReference; lastKnownFileType = file.storyboard; name = Base; path = Base.lproj/LaunchScreen.storyboard; sourceTree = "<group>"; };
		98BE908F240A2F7900570C5B /* Info.plist */ = {isa = PBXFileReference; lastKnownFileType = text.plist.xml; path = Info.plist; sourceTree = "<group>"; };
/* End PBXFileReference section */

/* Begin PBXFrameworksBuildPhase section */
		98BE907B240A2F7300570C5B /* Frameworks */ = {
			isa = PBXFrameworksBuildPhase;
			buildActionMask = 2147483647;
			files = (
			);
			runOnlyForDeploymentPostprocessing = 0;
		};
/* End PBXFrameworksBuildPhase section */

/* Begin PBXGroup section */
		98BE9075240A2F7200570C5B = {
			isa = PBXGroup;
			children = (
				98BE9080240A2F7300570C5B /* Swift5CountUp1 */,
				98BE907F240A2F7300570C5B /* Products */,
			);
			sourceTree = "<group>";
		};
		98BE907F240A2F7300570C5B /* Products */ = {
			isa = PBXGroup;
			children = (
				98BE907E240A2F7300570C5B /* CountUp.app */,
			);
			name = Products;
			sourceTree = "<group>";
		};
		98BE9080240A2F7300570C5B /* Swift5CountUp1 */ = {
			isa = PBXGroup;
			children = (
				98BE9081240A2F7300570C5B /* AppDelegate.swift */,
				98BE9083240A2F7300570C5B /* SceneDelegate.swift */,
				98BE9085240A2F7300570C5B /* ViewController.swift */,
				98BE9087240A2F7300570C5B /* Main.storyboard */,
				98BE908A240A2F7900570C5B /* Assets.xcassets */,
				98BE908C240A2F7900570C5B /* LaunchScreen.storyboard */,
				98BE908F240A2F7900570C5B /* Info.plist */,
			);
			path = Swift5CountUp1;
			sourceTree = "<group>";
		};
/* End PBXGroup section */

/* Begin PBXNativeTarget section */
		98BE907D240A2F7300570C5B /* Swift5CountUp1 */ = {
			isa = PBXNativeTarget;
			buildConfigurationList = 98BE9092240A2F7900570C5B /* Build configuration list for PBXNativeTarget "Swift5CountUp1" */;
			buildPhases = (
				98BE907A240A2F7300570C5B /* Sources */,
				98BE907B240A2F7300570C5B /* Frameworks */,
				98BE907C240A2F7300570C5B /* Resources */,
			);
			buildRules = (
			);
			dependencies = (
			);
			name = Swift5CountUp1;
			productName = Swift5CountUp1;
			productReference = 98BE907E240A2F7300570C5B /* CountUp.app */;
			productType = "com.apple.product-type.application";
		};
/* End PBXNativeTarget section */

/* Begin PBXProject section */
		98BE9076240A2F7200570C5B /* Project object */ = {
			isa = PBXProject;
			attributes = {
				LastSwiftUpdateCheck = 1130;
				LastUpgradeCheck = 1130;
				ORGANIZATIONNAME = "Teruhisa Fukumoto";
				TargetAttributes = {
					98BE907D240A2F7300570C5B = {
						CreatedOnToolsVersion = 11.3.1;
					};
				};
			};
			buildConfigurationList = 98BE9079240A2F7200570C5B /* Build configuration list for PBXProject "Swift5CountUp1" */;
			compatibilityVersion = "Xcode 9.3";
			developmentRegion = en;
			hasScannedForEncodings = 0;
			knownRegions = (
				en,
				Base,
			);
			mainGroup = 98BE9075240A2F7200570C5B;
			productRefGroup = 98BE907F240A2F7300570C5B /* Products */;
			projectDirPath = "";
			projectRoot = "";
			targets = (
				98BE907D240A2F7300570C5B /* Swift5CountUp1 */,
			);
		};
/* End PBXProject section */

/* Begin PBXResourcesBuildPhase section */
		98BE907C240A2F7300570C5B /* Resources */ = {
			isa = PBXResourcesBuildPhase;
			buildActionMask = 2147483647;
			files = (
				98BE908E240A2F7900570C5B /* LaunchScreen.storyboard in Resources */,
				98BE908B240A2F7900570C5B /* Assets.xcassets in Resources */,
				98BE9089240A2F7300570C5B /* Main.storyboard in Resources */,
			);
			runOnlyForDeploymentPostprocessing = 0;
		};
/* End PBXResourcesBuildPhase section */

/* Begin PBXSourcesBuildPhase section */
		98BE907A240A2F7300570C5B /* Sources */ = {
			isa = PBXSourcesBuildPhase;
			buildActionMask = 2147483647;
			files = (
				98BE9086240A2F7300570C5B /* ViewController.swift in Sources */,
				98BE9082240A2F7300570C5B /* AppDelegate.swift in Sources */,
				98BE9084240A2F7300570C5B /* SceneDelegate.swift in Sources */,
			);
			runOnlyForDeploymentPostprocessing = 0;
		};
/* End PBXSourcesBuildPhase section */

/* Begin PBXVariantGroup section */
		98BE9087240A2F7300570C5B /* Main.storyboard */ = {
			isa = PBXVariantGroup;
			children = (
				98BE9088240A2F7300570C5B /* Base */,
			);
			name = Main.storyboard;
			sourceTree = "<group>";
		};
		98BE908C240A2F7900570C5B /* LaunchScreen.storyboard */ = {
			isa = PBXVariantGroup;
			children = (
				98BE908D240A2F7900570C5B /* Base */,
			);
			name = LaunchScreen.storyboard;
			sourceTree = "<group>";
		};
/* End PBXVariantGroup section */

/* Begin XCBuildConfiguration section */
		98BE9090240A2F7900570C5B /* Debug */ = {
			isa = XCBuildConfiguration;
			buildSettings = {
				ALWAYS_SEARCH_USER_PATHS = NO;
				CLANG_ANALYZER_NONNULL = YES;
				CLANG_ANALYZER_NUMBER_OBJECT_CONVERSION = YES_AGGRESSIVE;
				CLANG_CXX_LANGUAGE_STANDARD = "gnu++14";
				CLANG_CXX_LIBRARY = "libc++";
				CLANG_ENABLE_MODULES = YES;
				CLANG_ENABLE_OBJC_ARC = YES;
				CLANG_ENABLE_OBJC_WEAK = YES;
				CLANG_WARN_BLOCK_CAPTURE_AUTORELEASING = YES;
				CLANG_WARN_BOOL_CONVERSION = YES;
				CLANG_WARN_COMMA = YES;
				CLANG_WARN_CONSTANT_CONVERSION = YES;
				CLANG_WARN_DEPRECATED_OBJC_IMPLEMENTATIONS = YES;
				CLANG_WARN_DIRECT_OBJC_ISA_USAGE = YES_ERROR;
				CLANG_WARN_DOCUMENTATION_COMMENTS = YES;
				CLANG_WARN_EMPTY_BODY = YES;
				CLANG_WARN_ENUM_CONVERSION = YES;
				CLANG_WARN_INFINITE_RECURSION = YES;
				CLANG_WARN_INT_CONVERSION = YES;
				CLANG_WARN_NON_LITERAL_NULL_CONVERSION = YES;
				CLANG_WARN_OBJC_IMPLICIT_RETAIN_SELF = YES;
				CLANG_WARN_OBJC_LITERAL_CONVERSION = YES;
				CLANG_WARN_OBJC_ROOT_CLASS = YES_ERROR;
				CLANG_WARN_RANGE_LOOP_ANALYSIS = YES;
				CLANG_WARN_STRICT_PROTOTYPES = YES;
				CLANG_WARN_SUSPICIOUS_MOVE = YES;
				CLANG_WARN_UNGUARDED_AVAILABILITY = YES_AGGRESSIVE;
				CLANG_WARN_UNREACHABLE_CODE = YES;
				CLANG_WARN__DUPLICATE_METHOD_MATCH = YES;
				COPY_PHASE_STRIP = NO;
				DEBUG_INFORMATION_FORMAT = dwarf;
				ENABLE_STRICT_OBJC_MSGSEND = YES;
				ENABLE_TESTABILITY = YES;
				GCC_C_LANGUAGE_STANDARD = gnu11;
				GCC_DYNAMIC_NO_PIC = NO;
				GCC_NO_COMMON_BLOCKS = YES;
				GCC_OPTIMIZATION_LEVEL = 0;
				GCC_PREPROCESSOR_DEFINITIONS = (
					"DEBUG=1",
					"$(inherited)",
				);
				GCC_WARN_64_TO_32_BIT_CONVERSION = YES;
				GCC_WARN_ABOUT_RETURN_TYPE = YES_ERROR;
				GCC_WARN_UNDECLARED_SELECTOR = YES;
				GCC_WARN_UNINITIALIZED_AUTOS = YES_AGGRESSIVE;
				GCC_WARN_UNUSED_FUNCTION = YES;
				GCC_WARN_UNUSED_VARIABLE = YES;
				IPHONEOS_DEPLOYMENT_TARGET = 13.2;
				MTL_ENABLE_DEBUG_INFO = INCLUDE_SOURCE;
				MTL_FAST_MATH = YES;
				ONLY_ACTIVE_ARCH = YES;
				SDKROOT = iphoneos;
				SWIFT_ACTIVE_COMPILATION_CONDITIONS = DEBUG;
				SWIFT_OPTIMIZATION_LEVEL = "-Onone";
			};
			name = Debug;
		};
		98BE9091240A2F7900570C5B /* Release */ = {
			isa = XCBuildConfiguration;
			buildSettings = {
				ALWAYS_SEARCH_USER_PATHS = NO;
				CLANG_ANALYZER_NONNULL = YES;
				CLANG_ANALYZER_NUMBER_OBJECT_CONVERSION = YES_AGGRESSIVE;
				CLANG_CXX_LANGUAGE_STANDARD = "gnu++14";
				CLANG_CXX_LIBRARY = "libc++";
				CLANG_ENABLE_MODULES = YES;
				CLANG_ENABLE_OBJC_ARC = YES;
				CLANG_ENABLE_OBJC_WEAK = YES;
				CLANG_WARN_BLOCK_CAPTURE_AUTORELEASING = YES;
				CLANG_WARN_BOOL_CONVERSION = YES;
				CLANG_WARN_COMMA = YES;
				CLANG_WARN_CONSTANT_CONVERSION = YES;
				CLANG_WARN_DEPRECATED_OBJC_IMPLEMENTATIONS = YES;
				CLANG_WARN_DIRECT_OBJC_ISA_USAGE = YES_ERROR;
				CLANG_WARN_DOCUMENTATION_COMMENTS = YES;
				CLANG_WARN_EMPTY_BODY = YES;
				CLANG_WARN_ENUM_CONVERSION = YES;
				CLANG_WARN_INFINITE_RECURSION = YES;
				CLANG_WARN_INT_CONVERSION = YES;
				CLANG_WARN_NON_LITERAL_NULL_CONVERSION = YES;
				CLANG_WARN_OBJC_IMPLICIT_RETAIN_SELF = YES;
				CLANG_WARN_OBJC_LITERAL_CONVERSION = YES;
				CLANG_WARN_OBJC_ROOT_CLASS = YES_ERROR;
				CLANG_WARN_RANGE_LOOP_ANALYSIS = YES;
				CLANG_WARN_STRICT_PROTOTYPES = YES;
				CLANG_WARN_SUSPICIOUS_MOVE = YES;
				CLANG_WARN_UNGUARDED_AVAILABILITY = YES_AGGRESSIVE;
				CLANG_WARN_UNREACHABLE_CODE = YES;
				CLANG_WARN__DUPLICATE_METHOD_MATCH = YES;
				COPY_PHASE_STRIP = NO;
				DEBUG_INFORMATION_FORMAT = "dwarf-with-dsym";
				ENABLE_NS_ASSERTIONS = NO;
				ENABLE_STRICT_OBJC_MSGSEND = YES;
				GCC_C_LANGUAGE_STANDARD = gnu11;
				GCC_NO_COMMON_BLOCKS = YES;
				GCC_WARN_64_TO_32_BIT_CONVERSION = YES;
				GCC_WARN_ABOUT_RETURN_TYPE = YES_ERROR;
				GCC_WARN_UNDECLARED_SELECTOR = YES;
				GCC_WARN_UNINITIALIZED_AUTOS = YES_AGGRESSIVE;
				GCC_WARN_UNUSED_FUNCTION = YES;
				GCC_WARN_UNUSED_VARIABLE = YES;
				IPHONEOS_DEPLOYMENT_TARGET = 13.2;
				MTL_ENABLE_DEBUG_INFO = NO;
				MTL_FAST_MATH = YES;
				SDKROOT = iphoneos;
				SWIFT_COMPILATION_MODE = wholemodule;
				SWIFT_OPTIMIZATION_LEVEL = "-O";
				VALIDATE_PRODUCT = YES;
			};
			name = Release;
		};
		98BE9093240A2F7900570C5B /* Debug */ = {
			isa = XCBuildConfiguration;
			buildSettings = {
				ASSETCATALOG_COMPILER_APPICON_NAME = AppIcon;
				CODE_SIGN_STYLE = Automatic;
				INFOPLIST_FILE = Swift5CountUp1/Info.plist;
				LD_RUNPATH_SEARCH_PATHS = (
					"$(inherited)",
					"@executable_path/Frameworks",
				);
				PRODUCT_BUNDLE_IDENTIFIER = com.teruhisafukumoto.Swift5CountUp1;
				PRODUCT_NAME = CountUp;
				SWIFT_VERSION = 5.0;
				TARGETED_DEVICE_FAMILY = 1;
			};
			name = Debug;
		};
		98BE9094240A2F7900570C5B /* Release */ = {
			isa = XCBuildConfiguration;
			buildSettings = {
				ASSETCATALOG_COMPILER_APPICON_NAME = AppIcon;
				CODE_SIGN_STYLE = Automatic;
				INFOPLIST_FILE = Swift5CountUp1/Info.plist;
				LD_RUNPATH_SEARCH_PATHS = (
					"$(inherited)",
					"@executable_path/Frameworks",
				);
				PRODUCT_BUNDLE_IDENTIFIER = com.teruhisafukumoto.Swift5CountUp1;
				PRODUCT_NAME = CountUp;
				SWIFT_VERSION = 5.0;
				TARGETED_DEVICE_FAMILY = 1;
			};
			name = Release;
		};
/* End XCBuildConfiguration section */

/* Begin XCConfigurationList section */
		98BE9079240A2F7200570C5B /* Build configuration list for PBXProject "Swift5CountUp1" */ = {
			isa = XCConfigurationList;
			buildConfigurations = (
				98BE9090240A2F7900570C5B /* Debug */,
				98BE9091240A2F7900570C5B /* Release */,
			);
			defaultConfigurationIsVisible = 0;
			defaultConfigurationName = Release;
		};
		98BE9092240A2F7900570C5B /* Build configuration list for PBXNativeTarget "Swift5CountUp1" */ = {
			isa = XCConfigurationList;
			buildConfigurations = (
				98BE9093240A2F7900570C5B /* Debug */,
				98BE9094240A2F7900570C5B /* Release */,
			);
			defaultConfigurationIsVisible = 0;
			defaultConfigurationName = Release;
		};
/* End XCConfigurationList section */
	};
	rootObject = 98BE9076240A2F7200570C5B /* Project object */;
}
