// !$*UTF8*$!
{
	archiveVersion = 1;
	classes = {
	};
	objectVersion = 51;
	objects = {

/* Begin PBXBuildFile section */
		98C0C43E24B9BCE100F88391 /* AppDelegate.swift in Sources */ = {isa = PBXBuildFile; fileRef = 98C0C43D24B9BCE100F88391 /* AppDelegate.swift */; };
		98C0C44024B9BCE100F88391 /* SceneDelegate.swift in Sources */ = {isa = PBXBuildFile; fileRef = 98C0C43F24B9BCE100F88391 /* SceneDelegate.swift */; };
		98C0C44224B9BCE100F88391 /* ViewController.swift in Sources */ = {isa = PBXBuildFile; fileRef = 98C0C44124B9BCE100F88391 /* ViewController.swift */; };
		98C0C44524B9BCE100F88391 /* Main.storyboard in Resources */ = {isa = PBXBuildFile; fileRef = 98C0C44324B9BCE100F88391 /* Main.storyboard */; };
		98C0C44724B9BCE500F88391 /* Assets.xcassets in Resources */ = {isa = PBXBuildFile; fileRef = 98C0C44624B9BCE500F88391 /* Assets.xcassets */; };
		98C0C44A24B9BCE600F88391 /* LaunchScreen.storyboard in Resources */ = {isa = PBXBuildFile; fileRef = 98C0C44824B9BCE600F88391 /* LaunchScreen.storyboard */; };
		EE484BF5D1D232DF65345004 /* Pods_Swift5FirebaseAnonymousLogin.framework in Frameworks */ = {isa = PBXBuildFile; fileRef = 5A39E82F60EEF1A0037E7A39 /* Pods_Swift5FirebaseAnonymousLogin.framework */; };
/* End PBXBuildFile section */

/* Begin PBXFileReference section */
		29A5DBFB61F41FE2C5F4FED8 /* Pods-Swift5FirebaseAnonymousLogin.release.xcconfig */ = {isa = PBXFileReference; includeInIndex = 1; lastKnownFileType = text.xcconfig; name = "Pods-Swift5FirebaseAnonymousLogin.release.xcconfig"; path = "Target Support Files/Pods-Swift5FirebaseAnonymousLogin/Pods-Swift5FirebaseAnonymousLogin.release.xcconfig"; sourceTree = "<group>"; };
		5A39E82F60EEF1A0037E7A39 /* Pods_Swift5FirebaseAnonymousLogin.framework */ = {isa = PBXFileReference; explicitFileType = wrapper.framework; includeInIndex = 0; path = Pods_Swift5FirebaseAnonymousLogin.framework; sourceTree = BUILT_PRODUCTS_DIR; };
		98C0C43A24B9BCE100F88391 /* Swift5FirebaseAnonymousLogin.app */ = {isa = PBXFileReference; explicitFileType = wrapper.application; includeInIndex = 0; path = Swift5FirebaseAnonymousLogin.app; sourceTree = BUILT_PRODUCTS_DIR; };
		98C0C43D24B9BCE100F88391 /* AppDelegate.swift */ = {isa = PBXFileReference; lastKnownFileType = sourcecode.swift; path = AppDelegate.swift; sourceTree = "<group>"; };
		98C0C43F24B9BCE100F88391 /* SceneDelegate.swift */ = {isa = PBXFileReference; lastKnownFileType = sourcecode.swift; path = SceneDelegate.swift; sourceTree = "<group>"; };
		98C0C44124B9BCE100F88391 /* ViewController.swift */ = {isa = PBXFileReference; lastKnownFileType = sourcecode.swift; path = ViewController.swift; sourceTree = "<group>"; };
		98C0C44424B9BCE100F88391 /* Base */ = {isa = PBXFileReference; lastKnownFileType = file.storyboard; name = Base; path = Base.lproj/Main.storyboard; sourceTree = "<group>"; };
		98C0C44624B9BCE500F88391 /* Assets.xcassets */ = {isa = PBXFileReference; lastKnownFileType = folder.assetcatalog; path = Assets.xcassets; sourceTree = "<group>"; };
		98C0C44924B9BCE600F88391 /* Base */ = {isa = PBXFileReference; lastKnownFileType = file.storyboard; name = Base; path = Base.lproj/LaunchScreen.storyboard; sourceTree = "<group>"; };
		98C0C44B24B9BCE600F88391 /* Info.plist */ = {isa = PBXFileReference; lastKnownFileType = text.plist.xml; path = Info.plist; sourceTree = "<group>"; };
		B72DE243111E22A5EFBCE7B0 /* Pods-Swift5FirebaseAnonymousLogin.debug.xcconfig */ = {isa = PBXFileReference; includeInIndex = 1; lastKnownFileType = text.xcconfig; name = "Pods-Swift5FirebaseAnonymousLogin.debug.xcconfig"; path = "Target Support Files/Pods-Swift5FirebaseAnonymousLogin/Pods-Swift5FirebaseAnonymousLogin.debug.xcconfig"; sourceTree = "<group>"; };
/* End PBXFileReference section */

/* Begin PBXFrameworksBuildPhase section */
		98C0C43724B9BCE100F88391 /* Frameworks */ = {
			isa = PBXFrameworksBuildPhase;
			buildActionMask = 2147483647;
			files = (
				EE484BF5D1D232DF65345004 /* Pods_Swift5FirebaseAnonymousLogin.framework in Frameworks */,
			);
			runOnlyForDeploymentPostprocessing = 0;
		};
/* End PBXFrameworksBuildPhase section */

/* Begin PBXGroup section */
		66D36EF7332BBBF89AFCF112 /* Frameworks */ = {
			isa = PBXGroup;
			children = (
				5A39E82F60EEF1A0037E7A39 /* Pods_Swift5FirebaseAnonymousLogin.framework */,
			);
			name = Frameworks;
			sourceTree = "<group>";
		};
		98C0C43124B9BCE100F88391 = {
			isa = PBXGroup;
			children = (
				98C0C43C24B9BCE100F88391 /* Swift5FirebaseAnonymousLogin */,
				98C0C43B24B9BCE100F88391 /* Products */,
				C751E58ACE3638698A4E6D53 /* Pods */,
				66D36EF7332BBBF89AFCF112 /* Frameworks */,
			);
			sourceTree = "<group>";
		};
		98C0C43B24B9BCE100F88391 /* Products */ = {
			isa = PBXGroup;
			children = (
				98C0C43A24B9BCE100F88391 /* Swift5FirebaseAnonymousLogin.app */,
			);
			name = Products;
			sourceTree = "<group>";
		};
		98C0C43C24B9BCE100F88391 /* Swift5FirebaseAnonymousLogin */ = {
			isa = PBXGroup;
			children = (
				98C0C45124B9BFDD00F88391 /* Model */,
				98C0C45324B9BFED00F88391 /* View */,
				98C0C45224B9BFE600F88391 /* Controller */,
				98C0C44B24B9BCE600F88391 /* Info.plist */,
			);
			path = Swift5FirebaseAnonymousLogin;
			sourceTree = "<group>";
		};
		98C0C45124B9BFDD00F88391 /* Model */ = {
			isa = PBXGroup;
			children = (
			);
			path = Model;
			sourceTree = "<group>";
		};
		98C0C45224B9BFE600F88391 /* Controller */ = {
			isa = PBXGroup;
			children = (
				98C0C43D24B9BCE100F88391 /* AppDelegate.swift */,
				98C0C43F24B9BCE100F88391 /* SceneDelegate.swift */,
				98C0C44124B9BCE100F88391 /* ViewController.swift */,
			);
			path = Controller;
			sourceTree = "<group>";
		};
		98C0C45324B9BFED00F88391 /* View */ = {
			isa = PBXGroup;
			children = (
				98C0C44324B9BCE100F88391 /* Main.storyboard */,
				98C0C44624B9BCE500F88391 /* Assets.xcassets */,
				98C0C44824B9BCE600F88391 /* LaunchScreen.storyboard */,
			);
			path = View;
			sourceTree = "<group>";
		};
		C751E58ACE3638698A4E6D53 /* Pods */ = {
			isa = PBXGroup;
			children = (
				B72DE243111E22A5EFBCE7B0 /* Pods-Swift5FirebaseAnonymousLogin.debug.xcconfig */,
				29A5DBFB61F41FE2C5F4FED8 /* Pods-Swift5FirebaseAnonymousLogin.release.xcconfig */,
			);
			path = Pods;
			sourceTree = "<group>";
		};
/* End PBXGroup section */

/* Begin PBXNativeTarget section */
		98C0C43924B9BCE100F88391 /* Swift5FirebaseAnonymousLogin */ = {
			isa = PBXNativeTarget;
			buildConfigurationList = 98C0C44E24B9BCE600F88391 /* Build configuration list for PBXNativeTarget "Swift5FirebaseAnonymousLogin" */;
			buildPhases = (
				44A0597F7CD128A91E13B15D /* [CP] Check Pods Manifest.lock */,
				98C0C43624B9BCE100F88391 /* Sources */,
				98C0C43724B9BCE100F88391 /* Frameworks */,
				98C0C43824B9BCE100F88391 /* Resources */,
				55FEB91F61194234C1A1C49F /* [CP] Embed Pods Frameworks */,
			);
			buildRules = (
			);
			dependencies = (
			);
			name = Swift5FirebaseAnonymousLogin;
			productName = Swift5FirebaseAnonymousLogin;
			productReference = 98C0C43A24B9BCE100F88391 /* Swift5FirebaseAnonymousLogin.app */;
			productType = "com.apple.product-type.application";
		};
/* End PBXNativeTarget section */

/* Begin PBXProject section */
		98C0C43224B9BCE100F88391 /* Project object */ = {
			isa = PBXProject;
			attributes = {
				LastSwiftUpdateCheck = 1150;
				LastUpgradeCheck = 1150;
				ORGANIZATIONNAME = "Teruhisa Fukumoto";
				TargetAttributes = {
					98C0C43924B9BCE100F88391 = {
						CreatedOnToolsVersion = 11.5;
					};
				};
			};
			buildConfigurationList = 98C0C43524B9BCE100F88391 /* Build configuration list for PBXProject "Swift5FirebaseAnonymousLogin" */;
			compatibilityVersion = "Xcode 9.3";
			developmentRegion = en;
			hasScannedForEncodings = 0;
			knownRegions = (
				en,
				Base,
			);
			mainGroup = 98C0C43124B9BCE100F88391;
			productRefGroup = 98C0C43B24B9BCE100F88391 /* Products */;
			projectDirPath = "";
			projectRoot = "";
			targets = (
				98C0C43924B9BCE100F88391 /* Swift5FirebaseAnonymousLogin */,
			);
		};
/* End PBXProject section */

/* Begin PBXResourcesBuildPhase section */
		98C0C43824B9BCE100F88391 /* Resources */ = {
			isa = PBXResourcesBuildPhase;
			buildActionMask = 2147483647;
			files = (
				98C0C44A24B9BCE600F88391 /* LaunchScreen.storyboard in Resources */,
				98C0C44724B9BCE500F88391 /* Assets.xcassets in Resources */,
				98C0C44524B9BCE100F88391 /* Main.storyboard in Resources */,
			);
			runOnlyForDeploymentPostprocessing = 0;
		};
/* End PBXResourcesBuildPhase section */

/* Begin PBXShellScriptBuildPhase section */
		44A0597F7CD128A91E13B15D /* [CP] Check Pods Manifest.lock */ = {
			isa = PBXShellScriptBuildPhase;
			buildActionMask = 2147483647;
			files = (
			);
			inputFileListPaths = (
			);
			inputPaths = (
				"${PODS_PODFILE_DIR_PATH}/Podfile.lock",
				"${PODS_ROOT}/Manifest.lock",
			);
			name = "[CP] Check Pods Manifest.lock";
			outputFileListPaths = (
			);
			outputPaths = (
				"$(DERIVED_FILE_DIR)/Pods-Swift5FirebaseAnonymousLogin-checkManifestLockResult.txt",
			);
			runOnlyForDeploymentPostprocessing = 0;
			shellPath = /bin/sh;
			shellScript = "diff \"${PODS_PODFILE_DIR_PATH}/Podfile.lock\" \"${PODS_ROOT}/Manifest.lock\" > /dev/null\nif [ $? != 0 ] ; then\n    # print error to STDERR\n    echo \"error: The sandbox is not in sync with the Podfile.lock. Run 'pod install' or update your CocoaPods installation.\" >&2\n    exit 1\nfi\n# This output is used by Xcode 'outputs' to avoid re-running this script phase.\necho \"SUCCESS\" > \"${SCRIPT_OUTPUT_FILE_0}\"\n";
			showEnvVarsInLog = 0;
		};
		55FEB91F61194234C1A1C49F /* [CP] Embed Pods Frameworks */ = {
			isa = PBXShellScriptBuildPhase;
			buildActionMask = 2147483647;
			files = (
			);
			inputFileListPaths = (
				"${PODS_ROOT}/Target Support Files/Pods-Swift5FirebaseAnonymousLogin/Pods-Swift5FirebaseAnonymousLogin-frameworks-${CONFIGURATION}-input-files.xcfilelist",
			);
			name = "[CP] Embed Pods Frameworks";
			outputFileListPaths = (
				"${PODS_ROOT}/Target Support Files/Pods-Swift5FirebaseAnonymousLogin/Pods-Swift5FirebaseAnonymousLogin-frameworks-${CONFIGURATION}-output-files.xcfilelist",
			);
			runOnlyForDeploymentPostprocessing = 0;
			shellPath = /bin/sh;
			shellScript = "\"${PODS_ROOT}/Target Support Files/Pods-Swift5FirebaseAnonymousLogin/Pods-Swift5FirebaseAnonymousLogin-frameworks.sh\"\n";
			showEnvVarsInLog = 0;
		};
/* End PBXShellScriptBuildPhase section */

/* Begin PBXSourcesBuildPhase section */
		98C0C43624B9BCE100F88391 /* Sources */ = {
			isa = PBXSourcesBuildPhase;
			buildActionMask = 2147483647;
			files = (
				98C0C44224B9BCE100F88391 /* ViewController.swift in Sources */,
				98C0C43E24B9BCE100F88391 /* AppDelegate.swift in Sources */,
				98C0C44024B9BCE100F88391 /* SceneDelegate.swift in Sources */,
			);
			runOnlyForDeploymentPostprocessing = 0;
		};
/* End PBXSourcesBuildPhase section */

/* Begin PBXVariantGroup section */
		98C0C44324B9BCE100F88391 /* Main.storyboard */ = {
			isa = PBXVariantGroup;
			children = (
				98C0C44424B9BCE100F88391 /* Base */,
			);
			name = Main.storyboard;
			sourceTree = "<group>";
		};
		98C0C44824B9BCE600F88391 /* LaunchScreen.storyboard */ = {
			isa = PBXVariantGroup;
			children = (
				98C0C44924B9BCE600F88391 /* Base */,
			);
			name = LaunchScreen.storyboard;
			sourceTree = "<group>";
		};
/* End PBXVariantGroup section */

/* Begin XCBuildConfiguration section */
		98C0C44C24B9BCE600F88391 /* Debug */ = {
			isa = XCBuildConfiguration;
			buildSettings = {
				ALWAYS_SEARCH_USER_PATHS = NO;
				CLANG_ANALYZER_NONNULL = YES;
				CLANG_ANALYZER_NUMBER_OBJECT_CONVERSION = YES_AGGRESSIVE;
				CLANG_CXX_LANGUAGE_STANDARD = "gnu++14";
				CLANG_CXX_LIBRARY = "libc++";
				CLANG_ENABLE_MODULES = YES;
				CLANG_ENABLE_OBJC_ARC = YES;
				CLANG_ENABLE_OBJC_WEAK = YES;
				CLANG_WARN_BLOCK_CAPTURE_AUTORELEASING = YES;
				CLANG_WARN_BOOL_CONVERSION = YES;
				CLANG_WARN_COMMA = YES;
				CLANG_WARN_CONSTANT_CONVERSION = YES;
				CLANG_WARN_DEPRECATED_OBJC_IMPLEMENTATIONS = YES;
				CLANG_WARN_DIRECT_OBJC_ISA_USAGE = YES_ERROR;
				CLANG_WARN_DOCUMENTATION_COMMENTS = YES;
				CLANG_WARN_EMPTY_BODY = YES;
				CLANG_WARN_ENUM_CONVERSION = YES;
				CLANG_WARN_INFINITE_RECURSION = YES;
				CLANG_WARN_INT_CONVERSION = YES;
				CLANG_WARN_NON_LITERAL_NULL_CONVERSION = YES;
				CLANG_WARN_OBJC_IMPLICIT_RETAIN_SELF = YES;
				CLANG_WARN_OBJC_LITERAL_CONVERSION = YES;
				CLANG_WARN_OBJC_ROOT_CLASS = YES_ERROR;
				CLANG_WARN_RANGE_LOOP_ANALYSIS = YES;
				CLANG_WARN_STRICT_PROTOTYPES = YES;
				CLANG_WARN_SUSPICIOUS_MOVE = YES;
				CLANG_WARN_UNGUARDED_AVAILABILITY = YES_AGGRESSIVE;
				CLANG_WARN_UNREACHABLE_CODE = YES;
				CLANG_WARN__DUPLICATE_METHOD_MATCH = YES;
				COPY_PHASE_STRIP = NO;
				DEBUG_INFORMATION_FORMAT = dwarf;
				ENABLE_STRICT_OBJC_MSGSEND = YES;
				ENABLE_TESTABILITY = YES;
				GCC_C_LANGUAGE_STANDARD = gnu11;
				GCC_DYNAMIC_NO_PIC = NO;
				GCC_NO_COMMON_BLOCKS = YES;
				GCC_OPTIMIZATION_LEVEL = 0;
				GCC_PREPROCESSOR_DEFINITIONS = (
					"DEBUG=1",
					"$(inherited)",
				);
				GCC_WARN_64_TO_32_BIT_CONVERSION = YES;
				GCC_WARN_ABOUT_RETURN_TYPE = YES_ERROR;
				GCC_WARN_UNDECLARED_SELECTOR = YES;
				GCC_WARN_UNINITIALIZED_AUTOS = YES_AGGRESSIVE;
				GCC_WARN_UNUSED_FUNCTION = YES;
				GCC_WARN_UNUSED_VARIABLE = YES;
				IPHONEOS_DEPLOYMENT_TARGET = 13.5;
				MTL_ENABLE_DEBUG_INFO = INCLUDE_SOURCE;
				MTL_FAST_MATH = YES;
				ONLY_ACTIVE_ARCH = YES;
				SDKROOT = iphoneos;
				SWIFT_ACTIVE_COMPILATION_CONDITIONS = DEBUG;
				SWIFT_OPTIMIZATION_LEVEL = "-Onone";
			};
			name = Debug;
		};
		98C0C44D24B9BCE600F88391 /* Release */ = {
			isa = XCBuildConfiguration;
			buildSettings = {
				ALWAYS_SEARCH_USER_PATHS = NO;
				CLANG_ANALYZER_NONNULL = YES;
				CLANG_ANALYZER_NUMBER_OBJECT_CONVERSION = YES_AGGRESSIVE;
				CLANG_CXX_LANGUAGE_STANDARD = "gnu++14";
				CLANG_CXX_LIBRARY = "libc++";
				CLANG_ENABLE_MODULES = YES;
				CLANG_ENABLE_OBJC_ARC = YES;
				CLANG_ENABLE_OBJC_WEAK = YES;
				CLANG_WARN_BLOCK_CAPTURE_AUTORELEASING = YES;
				CLANG_WARN_BOOL_CONVERSION = YES;
				CLANG_WARN_COMMA = YES;
				CLANG_WARN_CONSTANT_CONVERSION = YES;
				CLANG_WARN_DEPRECATED_OBJC_IMPLEMENTATIONS = YES;
				CLANG_WARN_DIRECT_OBJC_ISA_USAGE = YES_ERROR;
				CLANG_WARN_DOCUMENTATION_COMMENTS = YES;
				CLANG_WARN_EMPTY_BODY = YES;
				CLANG_WARN_ENUM_CONVERSION = YES;
				CLANG_WARN_INFINITE_RECURSION = YES;
				CLANG_WARN_INT_CONVERSION = YES;
				CLANG_WARN_NON_LITERAL_NULL_CONVERSION = YES;
				CLANG_WARN_OBJC_IMPLICIT_RETAIN_SELF = YES;
				CLANG_WARN_OBJC_LITERAL_CONVERSION = YES;
				CLANG_WARN_OBJC_ROOT_CLASS = YES_ERROR;
				CLANG_WARN_RANGE_LOOP_ANALYSIS = YES;
				CLANG_WARN_STRICT_PROTOTYPES = YES;
				CLANG_WARN_SUSPICIOUS_MOVE = YES;
				CLANG_WARN_UNGUARDED_AVAILABILITY = YES_AGGRESSIVE;
				CLANG_WARN_UNREACHABLE_CODE = YES;
				CLANG_WARN__DUPLICATE_METHOD_MATCH = YES;
				COPY_PHASE_STRIP = NO;
				DEBUG_INFORMATION_FORMAT = "dwarf-with-dsym";
				ENABLE_NS_ASSERTIONS = NO;
				ENABLE_STRICT_OBJC_MSGSEND = YES;
				GCC_C_LANGUAGE_STANDARD = gnu11;
				GCC_NO_COMMON_BLOCKS = YES;
				GCC_WARN_64_TO_32_BIT_CONVERSION = YES;
				GCC_WARN_ABOUT_RETURN_TYPE = YES_ERROR;
				GCC_WARN_UNDECLARED_SELECTOR = YES;
				GCC_WARN_UNINITIALIZED_AUTOS = YES_AGGRESSIVE;
				GCC_WARN_UNUSED_FUNCTION = YES;
				GCC_WARN_UNUSED_VARIABLE = YES;
				IPHONEOS_DEPLOYMENT_TARGET = 13.5;
				MTL_ENABLE_DEBUG_INFO = NO;
				MTL_FAST_MATH = YES;
				SDKROOT = iphoneos;
				SWIFT_COMPILATION_MODE = wholemodule;
				SWIFT_OPTIMIZATION_LEVEL = "-O";
				VALIDATE_PRODUCT = YES;
			};
			name = Release;
		};
		98C0C44F24B9BCE600F88391 /* Debug */ = {
			isa = XCBuildConfiguration;
			baseConfigurationReference = B72DE243111E22A5EFBCE7B0 /* Pods-Swift5FirebaseAnonymousLogin.debug.xcconfig */;
			buildSettings = {
				ASSETCATALOG_COMPILER_APPICON_NAME = AppIcon;
				CODE_SIGN_STYLE = Automatic;
				DEVELOPMENT_TEAM = R533B3DVS9;
				INFOPLIST_FILE = Swift5FirebaseAnonymousLogin/Info.plist;
				LD_RUNPATH_SEARCH_PATHS = (
					"$(inherited)",
					"@executable_path/Frameworks",
				);
				PRODUCT_BUNDLE_IDENTIFIER = com.teruhisafukumoto.Swift5FirebaseAnonymousLogin;
				PRODUCT_NAME = "$(TARGET_NAME)";
				SWIFT_VERSION = 5.0;
				TARGETED_DEVICE_FAMILY = 1;
			};
			name = Debug;
		};
		98C0C45024B9BCE600F88391 /* Release */ = {
			isa = XCBuildConfiguration;
			baseConfigurationReference = 29A5DBFB61F41FE2C5F4FED8 /* Pods-Swift5FirebaseAnonymousLogin.release.xcconfig */;
			buildSettings = {
				ASSETCATALOG_COMPILER_APPICON_NAME = AppIcon;
				CODE_SIGN_STYLE = Automatic;
				DEVELOPMENT_TEAM = R533B3DVS9;
				INFOPLIST_FILE = Swift5FirebaseAnonymousLogin/Info.plist;
				LD_RUNPATH_SEARCH_PATHS = (
					"$(inherited)",
					"@executable_path/Frameworks",
				);
				PRODUCT_BUNDLE_IDENTIFIER = com.teruhisafukumoto.Swift5FirebaseAnonymousLogin;
				PRODUCT_NAME = "$(TARGET_NAME)";
				SWIFT_VERSION = 5.0;
				TARGETED_DEVICE_FAMILY = 1;
			};
			name = Release;
		};
/* End XCBuildConfiguration section */

/* Begin XCConfigurationList section */
		98C0C43524B9BCE100F88391 /* Build configuration list for PBXProject "Swift5FirebaseAnonymousLogin" */ = {
			isa = XCConfigurationList;
			buildConfigurations = (
				98C0C44C24B9BCE600F88391 /* Debug */,
				98C0C44D24B9BCE600F88391 /* Release */,
			);
			defaultConfigurationIsVisible = 0;
			defaultConfigurationName = Release;
		};
		98C0C44E24B9BCE600F88391 /* Build configuration list for PBXNativeTarget "Swift5FirebaseAnonymousLogin" */ = {
			isa = XCConfigurationList;
			buildConfigurations = (
				98C0C44F24B9BCE600F88391 /* Debug */,
				98C0C45024B9BCE600F88391 /* Release */,
			);
			defaultConfigurationIsVisible = 0;
			defaultConfigurationName = Release;
		};
/* End XCConfigurationList section */
	};
	rootObject = 98C0C43224B9BCE100F88391 /* Project object */;
}
