// !$*UTF8*$!
{
	archiveVersion = 1;
	classes = {
	};
	objectVersion = 50;
	objects = {

/* Begin PBXBuildFile section */
		98B6467E2427354D00A45144 /* AppDelegate.swift in Sources */ = {isa = PBXBuildFile; fileRef = 98B6467D2427354D00A45144 /* AppDelegate.swift */; };
		98B646802427354D00A45144 /* SceneDelegate.swift in Sources */ = {isa = PBXBuildFile; fileRef = 98B6467F2427354D00A45144 /* SceneDelegate.swift */; };
		98B646822427354D00A45144 /* ViewController.swift in Sources */ = {isa = PBXBuildFile; fileRef = 98B646812427354D00A45144 /* ViewController.swift */; };
		98B646852427354D00A45144 /* Main.storyboard in Resources */ = {isa = PBXBuildFile; fileRef = 98B646832427354D00A45144 /* Main.storyboard */; };
		98B646872427354E00A45144 /* Assets.xcassets in Resources */ = {isa = PBXBuildFile; fileRef = 98B646862427354E00A45144 /* Assets.xcassets */; };
		98B6468A2427354E00A45144 /* LaunchScreen.storyboard in Resources */ = {isa = PBXBuildFile; fileRef = 98B646882427354E00A45144 /* LaunchScreen.storyboard */; };
		9A077A34372C77BF371FDAF6 /* Pods_Swift5Bokete1.framework in Frameworks */ = {isa = PBXBuildFile; fileRef = C185F82B2AE340D6CFA44FBC /* Pods_Swift5Bokete1.framework */; };
/* End PBXBuildFile section */

/* Begin PBXFileReference section */
		07F54F6A7129856FE49936A5 /* Pods-Swift5Bokete1.debug.xcconfig */ = {isa = PBXFileReference; includeInIndex = 1; lastKnownFileType = text.xcconfig; name = "Pods-Swift5Bokete1.debug.xcconfig"; path = "Target Support Files/Pods-Swift5Bokete1/Pods-Swift5Bokete1.debug.xcconfig"; sourceTree = "<group>"; };
		09C3F321FF160DBE71A95503 /* Pods-Swift5Bokete1.release.xcconfig */ = {isa = PBXFileReference; includeInIndex = 1; lastKnownFileType = text.xcconfig; name = "Pods-Swift5Bokete1.release.xcconfig"; path = "Target Support Files/Pods-Swift5Bokete1/Pods-Swift5Bokete1.release.xcconfig"; sourceTree = "<group>"; };
		98B6467A2427354D00A45144 /* Swift5Bokete1.app */ = {isa = PBXFileReference; explicitFileType = wrapper.application; includeInIndex = 0; path = Swift5Bokete1.app; sourceTree = BUILT_PRODUCTS_DIR; };
		98B6467D2427354D00A45144 /* AppDelegate.swift */ = {isa = PBXFileReference; lastKnownFileType = sourcecode.swift; path = AppDelegate.swift; sourceTree = "<group>"; };
		98B6467F2427354D00A45144 /* SceneDelegate.swift */ = {isa = PBXFileReference; lastKnownFileType = sourcecode.swift; path = SceneDelegate.swift; sourceTree = "<group>"; };
		98B646812427354D00A45144 /* ViewController.swift */ = {isa = PBXFileReference; lastKnownFileType = sourcecode.swift; path = ViewController.swift; sourceTree = "<group>"; };
		98B646842427354D00A45144 /* Base */ = {isa = PBXFileReference; lastKnownFileType = file.storyboard; name = Base; path = Base.lproj/Main.storyboard; sourceTree = "<group>"; };
		98B646862427354E00A45144 /* Assets.xcassets */ = {isa = PBXFileReference; lastKnownFileType = folder.assetcatalog; path = Assets.xcassets; sourceTree = "<group>"; };
		98B646892427354E00A45144 /* Base */ = {isa = PBXFileReference; lastKnownFileType = file.storyboard; name = Base; path = Base.lproj/LaunchScreen.storyboard; sourceTree = "<group>"; };
		98B6468B2427354E00A45144 /* Info.plist */ = {isa = PBXFileReference; lastKnownFileType = text.plist.xml; path = Info.plist; sourceTree = "<group>"; };
		C185F82B2AE340D6CFA44FBC /* Pods_Swift5Bokete1.framework */ = {isa = PBXFileReference; explicitFileType = wrapper.framework; includeInIndex = 0; path = Pods_Swift5Bokete1.framework; sourceTree = BUILT_PRODUCTS_DIR; };
/* End PBXFileReference section */

/* Begin PBXFrameworksBuildPhase section */
		98B646772427354D00A45144 /* Frameworks */ = {
			isa = PBXFrameworksBuildPhase;
			buildActionMask = 2147483647;
			files = (
				9A077A34372C77BF371FDAF6 /* Pods_Swift5Bokete1.framework in Frameworks */,
			);
			runOnlyForDeploymentPostprocessing = 0;
		};
/* End PBXFrameworksBuildPhase section */

/* Begin PBXGroup section */
		401FA254244FC8128BFD5675 /* Frameworks */ = {
			isa = PBXGroup;
			children = (
				C185F82B2AE340D6CFA44FBC /* Pods_Swift5Bokete1.framework */,
			);
			name = Frameworks;
			sourceTree = "<group>";
		};
		98B646712427354D00A45144 = {
			isa = PBXGroup;
			children = (
				98B6467C2427354D00A45144 /* Swift5Bokete1 */,
				98B6467B2427354D00A45144 /* Products */,
				D230A19EF76A3987715D7365 /* Pods */,
				401FA254244FC8128BFD5675 /* Frameworks */,
			);
			sourceTree = "<group>";
		};
		98B6467B2427354D00A45144 /* Products */ = {
			isa = PBXGroup;
			children = (
				98B6467A2427354D00A45144 /* Swift5Bokete1.app */,
			);
			name = Products;
			sourceTree = "<group>";
		};
		98B6467C2427354D00A45144 /* Swift5Bokete1 */ = {
			isa = PBXGroup;
			children = (
				98B6467D2427354D00A45144 /* AppDelegate.swift */,
				98B6467F2427354D00A45144 /* SceneDelegate.swift */,
				98B646812427354D00A45144 /* ViewController.swift */,
				98B646832427354D00A45144 /* Main.storyboard */,
				98B646862427354E00A45144 /* Assets.xcassets */,
				98B646882427354E00A45144 /* LaunchScreen.storyboard */,
				98B6468B2427354E00A45144 /* Info.plist */,
			);
			path = Swift5Bokete1;
			sourceTree = "<group>";
		};
		D230A19EF76A3987715D7365 /* Pods */ = {
			isa = PBXGroup;
			children = (
				07F54F6A7129856FE49936A5 /* Pods-Swift5Bokete1.debug.xcconfig */,
				09C3F321FF160DBE71A95503 /* Pods-Swift5Bokete1.release.xcconfig */,
			);
			name = Pods;
			path = Pods;
			sourceTree = "<group>";
		};
/* End PBXGroup section */

/* Begin PBXNativeTarget section */
		98B646792427354D00A45144 /* Swift5Bokete1 */ = {
			isa = PBXNativeTarget;
			buildConfigurationList = 98B6468E2427354E00A45144 /* Build configuration list for PBXNativeTarget "Swift5Bokete1" */;
			buildPhases = (
				3B7AED92B42A68B0A60EE1E8 /* [CP] Check Pods Manifest.lock */,
				98B646762427354D00A45144 /* Sources */,
				98B646772427354D00A45144 /* Frameworks */,
				98B646782427354D00A45144 /* Resources */,
				489D13AF6B1CA53BA6C3CCCA /* [CP] Embed Pods Frameworks */,
			);
			buildRules = (
			);
			dependencies = (
			);
			name = Swift5Bokete1;
			productName = Swift5Bokete1;
			productReference = 98B6467A2427354D00A45144 /* Swift5Bokete1.app */;
			productType = "com.apple.product-type.application";
		};
/* End PBXNativeTarget section */

/* Begin PBXProject section */
		98B646722427354D00A45144 /* Project object */ = {
			isa = PBXProject;
			attributes = {
				LastSwiftUpdateCheck = 1130;
				LastUpgradeCheck = 1130;
				ORGANIZATIONNAME = "Teruhisa Fukumoto";
				TargetAttributes = {
					98B646792427354D00A45144 = {
						CreatedOnToolsVersion = 11.3.1;
					};
				};
			};
			buildConfigurationList = 98B646752427354D00A45144 /* Build configuration list for PBXProject "Swift5Bokete1" */;
			compatibilityVersion = "Xcode 9.3";
			developmentRegion = en;
			hasScannedForEncodings = 0;
			knownRegions = (
				en,
				Base,
			);
			mainGroup = 98B646712427354D00A45144;
			productRefGroup = 98B6467B2427354D00A45144 /* Products */;
			projectDirPath = "";
			projectRoot = "";
			targets = (
				98B646792427354D00A45144 /* Swift5Bokete1 */,
			);
		};
/* End PBXProject section */

/* Begin PBXResourcesBuildPhase section */
		98B646782427354D00A45144 /* Resources */ = {
			isa = PBXResourcesBuildPhase;
			buildActionMask = 2147483647;
			files = (
				98B6468A2427354E00A45144 /* LaunchScreen.storyboard in Resources */,
				98B646872427354E00A45144 /* Assets.xcassets in Resources */,
				98B646852427354D00A45144 /* Main.storyboard in Resources */,
			);
			runOnlyForDeploymentPostprocessing = 0;
		};
/* End PBXResourcesBuildPhase section */

/* Begin PBXShellScriptBuildPhase section */
		3B7AED92B42A68B0A60EE1E8 /* [CP] Check Pods Manifest.lock */ = {
			isa = PBXShellScriptBuildPhase;
			buildActionMask = 2147483647;
			files = (
			);
			inputFileListPaths = (
			);
			inputPaths = (
				"${PODS_PODFILE_DIR_PATH}/Podfile.lock",
				"${PODS_ROOT}/Manifest.lock",
			);
			name = "[CP] Check Pods Manifest.lock";
			outputFileListPaths = (
			);
			outputPaths = (
				"$(DERIVED_FILE_DIR)/Pods-Swift5Bokete1-checkManifestLockResult.txt",
			);
			runOnlyForDeploymentPostprocessing = 0;
			shellPath = /bin/sh;
			shellScript = "diff \"${PODS_PODFILE_DIR_PATH}/Podfile.lock\" \"${PODS_ROOT}/Manifest.lock\" > /dev/null\nif [ $? != 0 ] ; then\n    # print error to STDERR\n    echo \"error: The sandbox is not in sync with the Podfile.lock. Run 'pod install' or update your CocoaPods installation.\" >&2\n    exit 1\nfi\n# This output is used by Xcode 'outputs' to avoid re-running this script phase.\necho \"SUCCESS\" > \"${SCRIPT_OUTPUT_FILE_0}\"\n";
			showEnvVarsInLog = 0;
		};
		489D13AF6B1CA53BA6C3CCCA /* [CP] Embed Pods Frameworks */ = {
			isa = PBXShellScriptBuildPhase;
			buildActionMask = 2147483647;
			files = (
			);
			inputFileListPaths = (
				"${PODS_ROOT}/Target Support Files/Pods-Swift5Bokete1/Pods-Swift5Bokete1-frameworks-${CONFIGURATION}-input-files.xcfilelist",
			);
			name = "[CP] Embed Pods Frameworks";
			outputFileListPaths = (
				"${PODS_ROOT}/Target Support Files/Pods-Swift5Bokete1/Pods-Swift5Bokete1-frameworks-${CONFIGURATION}-output-files.xcfilelist",
			);
			runOnlyForDeploymentPostprocessing = 0;
			shellPath = /bin/sh;
			shellScript = "\"${PODS_ROOT}/Target Support Files/Pods-Swift5Bokete1/Pods-Swift5Bokete1-frameworks.sh\"\n";
			showEnvVarsInLog = 0;
		};
/* End PBXShellScriptBuildPhase section */

/* Begin PBXSourcesBuildPhase section */
		98B646762427354D00A45144 /* Sources */ = {
			isa = PBXSourcesBuildPhase;
			buildActionMask = 2147483647;
			files = (
				98B646822427354D00A45144 /* ViewController.swift in Sources */,
				98B6467E2427354D00A45144 /* AppDelegate.swift in Sources */,
				98B646802427354D00A45144 /* SceneDelegate.swift in Sources */,
			);
			runOnlyForDeploymentPostprocessing = 0;
		};
/* End PBXSourcesBuildPhase section */

/* Begin PBXVariantGroup section */
		98B646832427354D00A45144 /* Main.storyboard */ = {
			isa = PBXVariantGroup;
			children = (
				98B646842427354D00A45144 /* Base */,
			);
			name = Main.storyboard;
			sourceTree = "<group>";
		};
		98B646882427354E00A45144 /* LaunchScreen.storyboard */ = {
			isa = PBXVariantGroup;
			children = (
				98B646892427354E00A45144 /* Base */,
			);
			name = LaunchScreen.storyboard;
			sourceTree = "<group>";
		};
/* End PBXVariantGroup section */

/* Begin XCBuildConfiguration section */
		98B6468C2427354E00A45144 /* Debug */ = {
			isa = XCBuildConfiguration;
			buildSettings = {
				ALWAYS_SEARCH_USER_PATHS = NO;
				CLANG_ANALYZER_NONNULL = YES;
				CLANG_ANALYZER_NUMBER_OBJECT_CONVERSION = YES_AGGRESSIVE;
				CLANG_CXX_LANGUAGE_STANDARD = "gnu++14";
				CLANG_CXX_LIBRARY = "libc++";
				CLANG_ENABLE_MODULES = YES;
				CLANG_ENABLE_OBJC_ARC = YES;
				CLANG_ENABLE_OBJC_WEAK = YES;
				CLANG_WARN_BLOCK_CAPTURE_AUTORELEASING = YES;
				CLANG_WARN_BOOL_CONVERSION = YES;
				CLANG_WARN_COMMA = YES;
				CLANG_WARN_CONSTANT_CONVERSION = YES;
				CLANG_WARN_DEPRECATED_OBJC_IMPLEMENTATIONS = YES;
				CLANG_WARN_DIRECT_OBJC_ISA_USAGE = YES_ERROR;
				CLANG_WARN_DOCUMENTATION_COMMENTS = YES;
				CLANG_WARN_EMPTY_BODY = YES;
				CLANG_WARN_ENUM_CONVERSION = YES;
				CLANG_WARN_INFINITE_RECURSION = YES;
				CLANG_WARN_INT_CONVERSION = YES;
				CLANG_WARN_NON_LITERAL_NULL_CONVERSION = YES;
				CLANG_WARN_OBJC_IMPLICIT_RETAIN_SELF = YES;
				CLANG_WARN_OBJC_LITERAL_CONVERSION = YES;
				CLANG_WARN_OBJC_ROOT_CLASS = YES_ERROR;
				CLANG_WARN_RANGE_LOOP_ANALYSIS = YES;
				CLANG_WARN_STRICT_PROTOTYPES = YES;
				CLANG_WARN_SUSPICIOUS_MOVE = YES;
				CLANG_WARN_UNGUARDED_AVAILABILITY = YES_AGGRESSIVE;
				CLANG_WARN_UNREACHABLE_CODE = YES;
				CLANG_WARN__DUPLICATE_METHOD_MATCH = YES;
				COPY_PHASE_STRIP = NO;
				DEBUG_INFORMATION_FORMAT = dwarf;
				ENABLE_STRICT_OBJC_MSGSEND = YES;
				ENABLE_TESTABILITY = YES;
				GCC_C_LANGUAGE_STANDARD = gnu11;
				GCC_DYNAMIC_NO_PIC = NO;
				GCC_NO_COMMON_BLOCKS = YES;
				GCC_OPTIMIZATION_LEVEL = 0;
				GCC_PREPROCESSOR_DEFINITIONS = (
					"DEBUG=1",
					"$(inherited)",
				);
				GCC_WARN_64_TO_32_BIT_CONVERSION = YES;
				GCC_WARN_ABOUT_RETURN_TYPE = YES_ERROR;
				GCC_WARN_UNDECLARED_SELECTOR = YES;
				GCC_WARN_UNINITIALIZED_AUTOS = YES_AGGRESSIVE;
				GCC_WARN_UNUSED_FUNCTION = YES;
				GCC_WARN_UNUSED_VARIABLE = YES;
				IPHONEOS_DEPLOYMENT_TARGET = 13.2;
				MTL_ENABLE_DEBUG_INFO = INCLUDE_SOURCE;
				MTL_FAST_MATH = YES;
				ONLY_ACTIVE_ARCH = YES;
				SDKROOT = iphoneos;
				SWIFT_ACTIVE_COMPILATION_CONDITIONS = DEBUG;
				SWIFT_OPTIMIZATION_LEVEL = "-Onone";
			};
			name = Debug;
		};
		98B6468D2427354E00A45144 /* Release */ = {
			isa = XCBuildConfiguration;
			buildSettings = {
				ALWAYS_SEARCH_USER_PATHS = NO;
				CLANG_ANALYZER_NONNULL = YES;
				CLANG_ANALYZER_NUMBER_OBJECT_CONVERSION = YES_AGGRESSIVE;
				CLANG_CXX_LANGUAGE_STANDARD = "gnu++14";
				CLANG_CXX_LIBRARY = "libc++";
				CLANG_ENABLE_MODULES = YES;
				CLANG_ENABLE_OBJC_ARC = YES;
				CLANG_ENABLE_OBJC_WEAK = YES;
				CLANG_WARN_BLOCK_CAPTURE_AUTORELEASING = YES;
				CLANG_WARN_BOOL_CONVERSION = YES;
				CLANG_WARN_COMMA = YES;
				CLANG_WARN_CONSTANT_CONVERSION = YES;
				CLANG_WARN_DEPRECATED_OBJC_IMPLEMENTATIONS = YES;
				CLANG_WARN_DIRECT_OBJC_ISA_USAGE = YES_ERROR;
				CLANG_WARN_DOCUMENTATION_COMMENTS = YES;
				CLANG_WARN_EMPTY_BODY = YES;
				CLANG_WARN_ENUM_CONVERSION = YES;
				CLANG_WARN_INFINITE_RECURSION = YES;
				CLANG_WARN_INT_CONVERSION = YES;
				CLANG_WARN_NON_LITERAL_NULL_CONVERSION = YES;
				CLANG_WARN_OBJC_IMPLICIT_RETAIN_SELF = YES;
				CLANG_WARN_OBJC_LITERAL_CONVERSION = YES;
				CLANG_WARN_OBJC_ROOT_CLASS = YES_ERROR;
				CLANG_WARN_RANGE_LOOP_ANALYSIS = YES;
				CLANG_WARN_STRICT_PROTOTYPES = YES;
				CLANG_WARN_SUSPICIOUS_MOVE = YES;
				CLANG_WARN_UNGUARDED_AVAILABILITY = YES_AGGRESSIVE;
				CLANG_WARN_UNREACHABLE_CODE = YES;
				CLANG_WARN__DUPLICATE_METHOD_MATCH = YES;
				COPY_PHASE_STRIP = NO;
				DEBUG_INFORMATION_FORMAT = "dwarf-with-dsym";
				ENABLE_NS_ASSERTIONS = NO;
				ENABLE_STRICT_OBJC_MSGSEND = YES;
				GCC_C_LANGUAGE_STANDARD = gnu11;
				GCC_NO_COMMON_BLOCKS = YES;
				GCC_WARN_64_TO_32_BIT_CONVERSION = YES;
				GCC_WARN_ABOUT_RETURN_TYPE = YES_ERROR;
				GCC_WARN_UNDECLARED_SELECTOR = YES;
				GCC_WARN_UNINITIALIZED_AUTOS = YES_AGGRESSIVE;
				GCC_WARN_UNUSED_FUNCTION = YES;
				GCC_WARN_UNUSED_VARIABLE = YES;
				IPHONEOS_DEPLOYMENT_TARGET = 13.2;
				MTL_ENABLE_DEBUG_INFO = NO;
				MTL_FAST_MATH = YES;
				SDKROOT = iphoneos;
				SWIFT_COMPILATION_MODE = wholemodule;
				SWIFT_OPTIMIZATION_LEVEL = "-O";
				VALIDATE_PRODUCT = YES;
			};
			name = Release;
		};
		98B6468F2427354E00A45144 /* Debug */ = {
			isa = XCBuildConfiguration;
			baseConfigurationReference = 07F54F6A7129856FE49936A5 /* Pods-Swift5Bokete1.debug.xcconfig */;
			buildSettings = {
				ASSETCATALOG_COMPILER_APPICON_NAME = AppIcon;
				CODE_SIGN_STYLE = Automatic;
				DEVELOPMENT_TEAM = R533B3DVS9;
				INFOPLIST_FILE = Swift5Bokete1/Info.plist;
				LD_RUNPATH_SEARCH_PATHS = (
					"$(inherited)",
					"@executable_path/Frameworks",
				);
				PRODUCT_BUNDLE_IDENTIFIER = com.teruhisafukumoto.Swift5Bokete1;
				PRODUCT_NAME = "$(TARGET_NAME)";
				SWIFT_VERSION = 5.0;
				TARGETED_DEVICE_FAMILY = "1,2";
			};
			name = Debug;
		};
		98B646902427354E00A45144 /* Release */ = {
			isa = XCBuildConfiguration;
			baseConfigurationReference = 09C3F321FF160DBE71A95503 /* Pods-Swift5Bokete1.release.xcconfig */;
			buildSettings = {
				ASSETCATALOG_COMPILER_APPICON_NAME = AppIcon;
				CODE_SIGN_STYLE = Automatic;
				DEVELOPMENT_TEAM = R533B3DVS9;
				INFOPLIST_FILE = Swift5Bokete1/Info.plist;
				LD_RUNPATH_SEARCH_PATHS = (
					"$(inherited)",
					"@executable_path/Frameworks",
				);
				PRODUCT_BUNDLE_IDENTIFIER = com.teruhisafukumoto.Swift5Bokete1;
				PRODUCT_NAME = "$(TARGET_NAME)";
				SWIFT_VERSION = 5.0;
				TARGETED_DEVICE_FAMILY = "1,2";
			};
			name = Release;
		};
/* End XCBuildConfiguration section */

/* Begin XCConfigurationList section */
		98B646752427354D00A45144 /* Build configuration list for PBXProject "Swift5Bokete1" */ = {
			isa = XCConfigurationList;
			buildConfigurations = (
				98B6468C2427354E00A45144 /* Debug */,
				98B6468D2427354E00A45144 /* Release */,
			);
			defaultConfigurationIsVisible = 0;
			defaultConfigurationName = Release;
		};
		98B6468E2427354E00A45144 /* Build configuration list for PBXNativeTarget "Swift5Bokete1" */ = {
			isa = XCConfigurationList;
			buildConfigurations = (
				98B6468F2427354E00A45144 /* Debug */,
				98B646902427354E00A45144 /* Release */,
			);
			defaultConfigurationIsVisible = 0;
			defaultConfigurationName = Release;
		};
/* End XCConfigurationList section */
	};
	rootObject = 98B646722427354D00A45144 /* Project object */;
}
